
Microsoft Visual Studio Solution File, Format Version 12.00
# Visual Studio Version 17
VisualStudioVersion = 17.9.34607.119
MinimumVisualStudioVersion = 10.0.40219.1
Project("{FAE04EC0-301F-11D3-BF4B-00C04F79EFBC}") = "SaajeAppli", "SaajeAppli\SaajeAppli.csproj", "{5517E4C8-71C4-4A44-A007-EF9B3F2BCDBC}"
EndProject
Global
	GlobalSection(SolutionConfigurationPlatforms) = preSolution
		Debug|Any CPU = Debug|Any CPU
		Release|Any CPU = Release|Any CPU
	EndGlobalSection
	GlobalSection(ProjectConfigurationPlatforms) = postSolution
		{5517E4C8-71C4-4A44-A007-EF9B3F2BCDBC}.Debug|Any CPU.ActiveCfg = Debug|Any CPU
		{5517E4C8-71C4-4A44-A007-EF9B3F2BCDBC}.Debug|Any CPU.Build.0 = Debug|Any CPU
		{5517E4C8-71C4-4A44-A007-EF9B3F2BCDBC}.Release|Any CPU.ActiveCfg = Release|Any CPU
		{5517E4C8-71C4-4A44-A007-EF9B3F2BCDBC}.Release|Any CPU.Build.0 = Release|Any CPU
	EndGlobalSection
	GlobalSection(SolutionProperties) = preSolution
		HideSolutionNode = FALSE
	EndGlobalSection
	GlobalSection(ExtensibilityGlobals) = postSolution
		SolutionGuid = {0E1F33EB-F0DA-4BF1-888F-438E1478A664}
	EndGlobalSection
EndGlobal
